
Microsoft Visual Studio Solution File, Format Version 12.00
# Visual Studio Version 16
VisualStudioVersion = 16.0.29001.49
MinimumVisualStudioVersion = 10.0.40219.1
Project("{FAE04EC0-301F-11D3-BF4B-00C04F79EFBC}") = "Fitness", "Fitness\Fitness.csproj", "{533D4753-8C14-472B-82B7-A5886541EE01}"
EndProject
Global
	GlobalSection(SolutionConfigurationPlatforms) = preSolution
		Debug|Any CPU = Debug|Any CPU
		Release|Any CPU = Release|Any CPU
	EndGlobalSection
	GlobalSection(ProjectConfigurationPlatforms) = postSolution
		{533D4753-8C14-472B-82B7-A5886541EE01}.Debug|Any CPU.ActiveCfg = Debug|Any CPU
		{533D4753-8C14-472B-82B7-A5886541EE01}.Debug|Any CPU.Build.0 = Debug|Any CPU
		{533D4753-8C14-472B-82B7-A5886541EE01}.Release|Any CPU.ActiveCfg = Release|Any CPU
		{533D4753-8C14-472B-82B7-A5886541EE01}.Release|Any CPU.Build.0 = Release|Any CPU
	EndGlobalSection
	GlobalSection(SolutionProperties) = preSolution
		HideSolutionNode = FALSE
	EndGlobalSection
	GlobalSection(ExtensibilityGlobals) = postSolution
		SolutionGuid = {4ADD5E16-5E4A-4518-9473-CB9A76A76ACE}
	EndGlobalSection
EndGlobal
